// !$*UTF8*$!
{
	archiveVersion = 1;
	classes = {
	};
	objectVersion = 46;
	objects = {

/* Begin PBXBuildFile section */
		F26EDB2B1B4967E70099F6D9 /* main.m in Sources */ = {isa = PBXBuildFile; fileRef = F26EDB2A1B4967E70099F6D9 /* main.m */; };
		F26EDB2E1B4967E70099F6D9 /* AppDelegate.m in Sources */ = {isa = PBXBuildFile; fileRef = F26EDB2D1B4967E70099F6D9 /* AppDelegate.m */; };
		F26EDB361B4967E70099F6D9 /* Images.xcassets in Resources */ = {isa = PBXBuildFile; fileRef = F26EDB351B4967E70099F6D9 /* Images.xcassets */; };
		F26EDB451B4967E70099F6D9 /* FiveStarsTests.m in Sources */ = {isa = PBXBuildFile; fileRef = F26EDB441B4967E70099F6D9 /* FiveStarsTests.m */; };
		F276F2231B4A35D30086138C /* RateView.m in Sources */ = {isa = PBXBuildFile; fileRef = F276F2221B4A35D30086138C /* RateView.m */; };
		F276F2271B4A35FE0086138C /* First.m in Sources */ = {isa = PBXBuildFile; fileRef = F276F2251B4A35FE0086138C /* First.m */; };
		F276F2281B4A35FE0086138C /* First.xib in Resources */ = {isa = PBXBuildFile; fileRef = F276F2261B4A35FE0086138C /* First.xib */; };
/* End PBXBuildFile section */

/* Begin PBXContainerItemProxy section */
		F26EDB3F1B4967E70099F6D9 /* PBXContainerItemProxy */ = {
			isa = PBXContainerItemProxy;
			containerPortal = F26EDB1D1B4967E70099F6D9 /* Project object */;
			proxyType = 1;
			remoteGlobalIDString = F26EDB241B4967E70099F6D9;
			remoteInfo = FiveStars;
		};
/* End PBXContainerItemProxy section */

/* Begin PBXFileReference section */
		F26EDB251B4967E70099F6D9 /* FiveStars.app */ = {isa = PBXFileReference; explicitFileType = wrapper.application; includeInIndex = 0; path = FiveStars.app; sourceTree = BUILT_PRODUCTS_DIR; };
		F26EDB291B4967E70099F6D9 /* Info.plist */ = {isa = PBXFileReference; lastKnownFileType = text.plist.xml; path = Info.plist; sourceTree = "<group>"; };
		F26EDB2A1B4967E70099F6D9 /* main.m */ = {isa = PBXFileReference; lastKnownFileType = sourcecode.c.objc; path = main.m; sourceTree = "<group>"; };
		F26EDB2C1B4967E70099F6D9 /* AppDelegate.h */ = {isa = PBXFileReference; lastKnownFileType = sourcecode.c.h; path = AppDelegate.h; sourceTree = "<group>"; };
		F26EDB2D1B4967E70099F6D9 /* AppDelegate.m */ = {isa = PBXFileReference; lastKnownFileType = sourcecode.c.objc; path = AppDelegate.m; sourceTree = "<group>"; };
		F26EDB351B4967E70099F6D9 /* Images.xcassets */ = {isa = PBXFileReference; lastKnownFileType = folder.assetcatalog; path = Images.xcassets; sourceTree = "<group>"; };
		F26EDB3E1B4967E70099F6D9 /* FiveStarsTests.xctest */ = {isa = PBXFileReference; explicitFileType = wrapper.cfbundle; includeInIndex = 0; path = FiveStarsTests.xctest; sourceTree = BUILT_PRODUCTS_DIR; };
		F26EDB431B4967E70099F6D9 /* Info.plist */ = {isa = PBXFileReference; lastKnownFileType = text.plist.xml; path = Info.plist; sourceTree = "<group>"; };
		F26EDB441B4967E70099F6D9 /* FiveStarsTests.m */ = {isa = PBXFileReference; lastKnownFileType = sourcecode.c.objc; path = FiveStarsTests.m; sourceTree = "<group>"; };
		F276F2211B4A35D30086138C /* RateView.h */ = {isa = PBXFileReference; fileEncoding = 4; lastKnownFileType = sourcecode.c.h; path = RateView.h; sourceTree = "<group>"; };
		F276F2221B4A35D30086138C /* RateView.m */ = {isa = PBXFileReference; fileEncoding = 4; lastKnownFileType = sourcecode.c.objc; path = RateView.m; sourceTree = "<group>"; };
		F276F2241B4A35FE0086138C /* First.h */ = {isa = PBXFileReference; fileEncoding = 4; lastKnownFileType = sourcecode.c.h; path = First.h; sourceTree = "<group>"; };
		F276F2251B4A35FE0086138C /* First.m */ = {isa = PBXFileReference; fileEncoding = 4; lastKnownFileType = sourcecode.c.objc; path = First.m; sourceTree = "<group>"; };
		F276F2261B4A35FE0086138C /* First.xib */ = {isa = PBXFileReference; fileEncoding = 4; lastKnownFileType = file.xib; path = First.xib; sourceTree = "<group>"; };
/* End PBXFileReference section */

/* Begin PBXFrameworksBuildPhase section */
		F26EDB221B4967E70099F6D9 /* Frameworks */ = {
			isa = PBXFrameworksBuildPhase;
			buildActionMask = 2147483647;
			files = (
			);
			runOnlyForDeploymentPostprocessing = 0;
		};
		F26EDB3B1B4967E70099F6D9 /* Frameworks */ = {
			isa = PBXFrameworksBuildPhase;
			buildActionMask = 2147483647;
			files = (
			);
			runOnlyForDeploymentPostprocessing = 0;
		};
/* End PBXFrameworksBuildPhase section */

/* Begin PBXGroup section */
		F26EDB1C1B4967E70099F6D9 = {
			isa = PBXGroup;
			children = (
				F26EDB271B4967E70099F6D9 /* FiveStars */,
				F26EDB411B4967E70099F6D9 /* FiveStarsTests */,
				F26EDB261B4967E70099F6D9 /* Products */,
			);
			sourceTree = "<group>";
		};
		F26EDB261B4967E70099F6D9 /* Products */ = {
			isa = PBXGroup;
			children = (
				F26EDB251B4967E70099F6D9 /* FiveStars.app */,
				F26EDB3E1B4967E70099F6D9 /* FiveStarsTests.xctest */,
			);
			name = Products;
			sourceTree = "<group>";
		};
		F26EDB271B4967E70099F6D9 /* FiveStars */ = {
			isa = PBXGroup;
			children = (
				F276F2201B4A35A00086138C /* View */,
				F276F21F1B4A32FE0086138C /* AppDelegate */,
				F26EDB351B4967E70099F6D9 /* Images.xcassets */,
				F26EDB281B4967E70099F6D9 /* Supporting Files */,
			);
			path = FiveStars;
			sourceTree = "<group>";
		};
		F26EDB281B4967E70099F6D9 /* Supporting Files */ = {
			isa = PBXGroup;
			children = (
				F26EDB291B4967E70099F6D9 /* Info.plist */,
				F26EDB2A1B4967E70099F6D9 /* main.m */,
			);
			name = "Supporting Files";
			sourceTree = "<group>";
		};
		F26EDB411B4967E70099F6D9 /* FiveStarsTests */ = {
			isa = PBXGroup;
			children = (
				F26EDB441B4967E70099F6D9 /* FiveStarsTests.m */,
				F26EDB421B4967E70099F6D9 /* Supporting Files */,
			);
			path = FiveStarsTests;
			sourceTree = "<group>";
		};
		F26EDB421B4967E70099F6D9 /* Supporting Files */ = {
			isa = PBXGroup;
			children = (
				F26EDB431B4967E70099F6D9 /* Info.plist */,
			);
			name = "Supporting Files";
			sourceTree = "<group>";
		};
		F276F21F1B4A32FE0086138C /* AppDelegate */ = {
			isa = PBXGroup;
			children = (
				F26EDB2C1B4967E70099F6D9 /* AppDelegate.h */,
				F26EDB2D1B4967E70099F6D9 /* AppDelegate.m */,
			);
			name = AppDelegate;
			sourceTree = "<group>";
		};
		F276F2201B4A35A00086138C /* View */ = {
			isa = PBXGroup;
			children = (
				F276F2211B4A35D30086138C /* RateView.h */,
				F276F2221B4A35D30086138C /* RateView.m */,
				F276F2241B4A35FE0086138C /* First.h */,
				F276F2251B4A35FE0086138C /* First.m */,
				F276F2261B4A35FE0086138C /* First.xib */,
			);
			name = View;
			sourceTree = "<group>";
		};
/* End PBXGroup section */

/* Begin PBXNativeTarget section */
		F26EDB241B4967E70099F6D9 /* FiveStars */ = {
			isa = PBXNativeTarget;
			buildConfigurationList = F26EDB481B4967E70099F6D9 /* Build configuration list for PBXNativeTarget "FiveStars" */;
			buildPhases = (
				F26EDB211B4967E70099F6D9 /* Sources */,
				F26EDB221B4967E70099F6D9 /* Frameworks */,
				F26EDB231B4967E70099F6D9 /* Resources */,
			);
			buildRules = (
			);
			dependencies = (
			);
			name = FiveStars;
			productName = FiveStars;
			productReference = F26EDB251B4967E70099F6D9 /* FiveStars.app */;
			productType = "com.apple.product-type.application";
		};
		F26EDB3D1B4967E70099F6D9 /* FiveStarsTests */ = {
			isa = PBXNativeTarget;
			buildConfigurationList = F26EDB4B1B4967E70099F6D9 /* Build configuration list for PBXNativeTarget "FiveStarsTests" */;
			buildPhases = (
				F26EDB3A1B4967E70099F6D9 /* Sources */,
				F26EDB3B1B4967E70099F6D9 /* Frameworks */,
				F26EDB3C1B4967E70099F6D9 /* Resources */,
			);
			buildRules = (
			);
			dependencies = (
				F26EDB401B4967E70099F6D9 /* PBXTargetDependency */,
			);
			name = FiveStarsTests;
			productName = FiveStarsTests;
			productReference = F26EDB3E1B4967E70099F6D9 /* FiveStarsTests.xctest */;
			productType = "com.apple.product-type.bundle.unit-test";
		};
/* End PBXNativeTarget section */

/* Begin PBXProject section */
		F26EDB1D1B4967E70099F6D9 /* Project object */ = {
			isa = PBXProject;
			attributes = {
				LastUpgradeCheck = 0630;
				ORGANIZATIONNAME = "Geosat-RD01";
				TargetAttributes = {
					F26EDB241B4967E70099F6D9 = {
						CreatedOnToolsVersion = 6.3.2;
					};
					F26EDB3D1B4967E70099F6D9 = {
						CreatedOnToolsVersion = 6.3.2;
						TestTargetID = F26EDB241B4967E70099F6D9;
					};
				};
			};
			buildConfigurationList = F26EDB201B4967E70099F6D9 /* Build configuration list for PBXProject "FiveStars" */;
			compatibilityVersion = "Xcode 3.2";
			developmentRegion = English;
			hasScannedForEncodings = 0;
			knownRegions = (
				en,
				Base,
			);
			mainGroup = F26EDB1C1B4967E70099F6D9;
			productRefGroup = F26EDB261B4967E70099F6D9 /* Products */;
			projectDirPath = "";
			projectRoot = "";
			targets = (
				F26EDB241B4967E70099F6D9 /* FiveStars */,
				F26EDB3D1B4967E70099F6D9 /* FiveStarsTests */,
			);
		};
/* End PBXProject section */

/* Begin PBXResourcesBuildPhase section */
		F26EDB231B4967E70099F6D9 /* Resources */ = {
			isa = PBXResourcesBuildPhase;
			buildActionMask = 2147483647;
			files = (
				F276F2281B4A35FE0086138C /* First.xib in Resources */,
				F26EDB361B4967E70099F6D9 /* Images.xcassets in Resources */,
			);
			runOnlyForDeploymentPostprocessing = 0;
		};
		F26EDB3C1B4967E70099F6D9 /* Resources */ = {
			isa = PBXResourcesBuildPhase;
			buildActionMask = 2147483647;
			files = (
			);
			runOnlyForDeploymentPostprocessing = 0;
		};
/* End PBXResourcesBuildPhase section */

/* Begin PBXSourcesBuildPhase section */
		F26EDB211B4967E70099F6D9 /* Sources */ = {
			isa = PBXSourcesBuildPhase;
			buildActionMask = 2147483647;
			files = (
				F26EDB2E1B4967E70099F6D9 /* AppDelegate.m in Sources */,
				F26EDB2B1B4967E70099F6D9 /* main.m in Sources */,
				F276F2271B4A35FE0086138C /* First.m in Sources */,
				F276F2231B4A35D30086138C /* RateView.m in Sources */,
			);
			runOnlyForDeploymentPostprocessing = 0;
		};
		F26EDB3A1B4967E70099F6D9 /* Sources */ = {
			isa = PBXSourcesBuildPhase;
			buildActionMask = 2147483647;
			files = (
				F26EDB451B4967E70099F6D9 /* FiveStarsTests.m in Sources */,
			);
			runOnlyForDeploymentPostprocessing = 0;
		};
/* End PBXSourcesBuildPhase section */

/* Begin PBXTargetDependency section */
		F26EDB401B4967E70099F6D9 /* PBXTargetDependency */ = {
			isa = PBXTargetDependency;
			target = F26EDB241B4967E70099F6D9 /* FiveStars */;
			targetProxy = F26EDB3F1B4967E70099F6D9 /* PBXContainerItemProxy */;
		};
/* End PBXTargetDependency section */

/* Begin XCBuildConfiguration section */
		F26EDB461B4967E70099F6D9 /* Debug */ = {
			isa = XCBuildConfiguration;
			buildSettings = {
				ALWAYS_SEARCH_USER_PATHS = NO;
				CLANG_CXX_LANGUAGE_STANDARD = "gnu++0x";
				CLANG_CXX_LIBRARY = "libc++";
				CLANG_ENABLE_MODULES = YES;
				CLANG_ENABLE_OBJC_ARC = YES;
				CLANG_WARN_BOOL_CONVERSION = YES;
				CLANG_WARN_CONSTANT_CONVERSION = YES;
				CLANG_WARN_DIRECT_OBJC_ISA_USAGE = YES_ERROR;
				CLANG_WARN_EMPTY_BODY = YES;
				CLANG_WARN_ENUM_CONVERSION = YES;
				CLANG_WARN_INT_CONVERSION = YES;
				CLANG_WARN_OBJC_ROOT_CLASS = YES_ERROR;
				CLANG_WARN_UNREACHABLE_CODE = YES;
				CLANG_WARN__DUPLICATE_METHOD_MATCH = YES;
				"CODE_SIGN_IDENTITY[sdk=iphoneos*]" = "iPhone Developer";
				COPY_PHASE_STRIP = NO;
				DEBUG_INFORMATION_FORMAT = "dwarf-with-dsym";
				ENABLE_STRICT_OBJC_MSGSEND = YES;
				GCC_C_LANGUAGE_STANDARD = gnu99;
				GCC_DYNAMIC_NO_PIC = NO;
				GCC_NO_COMMON_BLOCKS = YES;
				GCC_OPTIMIZATION_LEVEL = 0;
				GCC_PREPROCESSOR_DEFINITIONS = (
					"DEBUG=1",
					"$(inherited)",
				);
				GCC_SYMBOLS_PRIVATE_EXTERN = NO;
				GCC_WARN_64_TO_32_BIT_CONVERSION = YES;
				GCC_WARN_ABOUT_RETURN_TYPE = YES_ERROR;
				GCC_WARN_UNDECLARED_SELECTOR = YES;
				GCC_WARN_UNINITIALIZED_AUTOS = YES_AGGRESSIVE;
				GCC_WARN_UNUSED_FUNCTION = YES;
				GCC_WARN_UNUSED_VARIABLE = YES;
				IPHONEOS_DEPLOYMENT_TARGET = 8.3;
				MTL_ENABLE_DEBUG_INFO = YES;
				ONLY_ACTIVE_ARCH = YES;
				SDKROOT = iphoneos;
			};
			name = Debug;
		};
		F26EDB471B4967E70099F6D9 /* Release */ = {
			isa = XCBuildConfiguration;
			buildSettings = {
				ALWAYS_SEARCH_USER_PATHS = NO;
				CLANG_CXX_LANGUAGE_STANDARD = "gnu++0x";
				CLANG_CXX_LIBRARY = "libc++";
				CLANG_ENABLE_MODULES = YES;
				CLANG_ENABLE_OBJC_ARC = YES;
				CLANG_WARN_BOOL_CONVERSION = YES;
				CLANG_WARN_CONSTANT_CONVERSION = YES;
				CLANG_WARN_DIRECT_OBJC_ISA_USAGE = YES_ERROR;
				CLANG_WARN_EMPTY_BODY = YES;
				CLANG_WARN_ENUM_CONVERSION = YES;
				CLANG_WARN_INT_CONVERSION = YES;
				CLANG_WARN_OBJC_ROOT_CLASS = YES_ERROR;
				CLANG_WARN_UNREACHABLE_CODE = YES;
				CLANG_WARN__DUPLICATE_METHOD_MATCH = YES;
				"CODE_SIGN_IDENTITY[sdk=iphoneos*]" = "iPhone Developer";
				COPY_PHASE_STRIP = NO;
				DEBUG_INFORMATION_FORMAT = "dwarf-with-dsym";
				ENABLE_NS_ASSERTIONS = NO;
				ENABLE_STRICT_OBJC_MSGSEND = YES;
				GCC_C_LANGUAGE_STANDARD = gnu99;
				GCC_NO_COMMON_BLOCKS = YES;
				GCC_WARN_64_TO_32_BIT_CONVERSION = YES;
				GCC_WARN_ABOUT_RETURN_TYPE = YES_ERROR;
				GCC_WARN_UNDECLARED_SELECTOR = YES;
				GCC_WARN_UNINITIALIZED_AUTOS = YES_AGGRESSIVE;
				GCC_WARN_UNUSED_FUNCTION = YES;
				GCC_WARN_UNUSED_VARIABLE = YES;
				IPHONEOS_DEPLOYMENT_TARGET = 8.3;
				MTL_ENABLE_DEBUG_INFO = NO;
				SDKROOT = iphoneos;
				VALIDATE_PRODUCT = YES;
			};
			name = Release;
		};
		F26EDB491B4967E70099F6D9 /* Debug */ = {
			isa = XCBuildConfiguration;
			buildSettings = {
				ASSETCATALOG_COMPILER_APPICON_NAME = AppIcon;
				ASSETCATALOG_COMPILER_LAUNCHIMAGE_NAME = LaunchImage;
				INFOPLIST_FILE = FiveStars/Info.plist;
				LD_RUNPATH_SEARCH_PATHS = "$(inherited) @executable_path/Frameworks";
				PRODUCT_NAME = "$(TARGET_NAME)";
			};
			name = Debug;
		};
		F26EDB4A1B4967E70099F6D9 /* Release */ = {
			isa = XCBuildConfiguration;
			buildSettings = {
				ASSETCATALOG_COMPILER_APPICON_NAME = AppIcon;
				ASSETCATALOG_COMPILER_LAUNCHIMAGE_NAME = LaunchImage;
				INFOPLIST_FILE = FiveStars/Info.plist;
				LD_RUNPATH_SEARCH_PATHS = "$(inherited) @executable_path/Frameworks";
				PRODUCT_NAME = "$(TARGET_NAME)";
			};
			name = Release;
		};
		F26EDB4C1B4967E70099F6D9 /* Debug */ = {
			isa = XCBuildConfiguration;
			buildSettings = {
				BUNDLE_LOADER = "$(TEST_HOST)";
				FRAMEWORK_SEARCH_PATHS = (
					"$(SDKROOT)/Developer/Library/Frameworks",
					"$(inherited)",
				);
				GCC_PREPROCESSOR_DEFINITIONS = (
					"DEBUG=1",
					"$(inherited)",
				);
				INFOPLIST_FILE = FiveStarsTests/Info.plist;
				LD_RUNPATH_SEARCH_PATHS = "$(inherited) @executable_path/Frameworks @loader_path/Frameworks";
				PRODUCT_NAME = "$(TARGET_NAME)";
				TEST_HOST = "$(BUILT_PRODUCTS_DIR)/FiveStars.app/FiveStars";
			};
			name = Debug;
		};
		F26EDB4D1B4967E70099F6D9 /* Release */ = {
			isa = XCBuildConfiguration;
			buildSettings = {
				BUNDLE_LOADER = "$(TEST_HOST)";
				FRAMEWORK_SEARCH_PATHS = (
					"$(SDKROOT)/Developer/Library/Frameworks",
					"$(inherited)",
				);
				INFOPLIST_FILE = FiveStarsTests/Info.plist;
				LD_RUNPATH_SEARCH_PATHS = "$(inherited) @executable_path/Frameworks @loader_path/Frameworks";
				PRODUCT_NAME = "$(TARGET_NAME)";
				TEST_HOST = "$(BUILT_PRODUCTS_DIR)/FiveStars.app/FiveStars";
			};
			name = Release;
		};
/* End XCBuildConfiguration section */

/* Begin XCConfigurationList section */
		F26EDB201B4967E70099F6D9 /* Build configuration list for PBXProject "FiveStars" */ = {
			isa = XCConfigurationList;
			buildConfigurations = (
				F26EDB461B4967E70099F6D9 /* Debug */,
				F26EDB471B4967E70099F6D9 /* Release */,
			);
			defaultConfigurationIsVisible = 0;
			defaultConfigurationName = Release;
		};
		F26EDB481B4967E70099F6D9 /* Build configuration list for PBXNativeTarget "FiveStars" */ = {
			isa = XCConfigurationList;
			buildConfigurations = (
				F26EDB491B4967E70099F6D9 /* Debug */,
				F26EDB4A1B4967E70099F6D9 /* Release */,
			);
			defaultConfigurationIsVisible = 0;
			defaultConfigurationName = Release;
		};
		F26EDB4B1B4967E70099F6D9 /* Build configuration list for PBXNativeTarget "FiveStarsTests" */ = {
			isa = XCConfigurationList;
			buildConfigurations = (
				F26EDB4C1B4967E70099F6D9 /* Debug */,
				F26EDB4D1B4967E70099F6D9 /* Release */,
			);
			defaultConfigurationIsVisible = 0;
			defaultConfigurationName = Release;
		};
/* End XCConfigurationList section */
	};
	rootObject = F26EDB1D1B4967E70099F6D9 /* Project object */;
}
